
Microsoft Visual Studio Solution File, Format Version 12.00
# Visual Studio Version 17
VisualStudioVersion = 17.5.33516.290
MinimumVisualStudioVersion = 10.0.40219.1
Project("{FAE04EC0-301F-11D3-BF4B-00C04F79EFBC}") = "Project1Stocks", "Project1Stocks\Project1Stocks.csproj", "{83AFF6E8-990C-453A-A55C-3A2A3DC37F48}"
EndProject
Project("{FAE04EC0-301F-11D3-BF4B-00C04F79EFBC}") = "ConsumeStock1API", "ConsumeStock1API\ConsumeStock1API.csproj", "{A2C6C9BE-3000-444A-A2D9-7DC7EF964F97}"
EndProject
Global
	GlobalSection(SolutionConfigurationPlatforms) = preSolution
		Debug|Any CPU = Debug|Any CPU
		Release|Any CPU = Release|Any CPU
	EndGlobalSection
	GlobalSection(ProjectConfigurationPlatforms) = postSolution
		{83AFF6E8-990C-453A-A55C-3A2A3DC37F48}.Debug|Any CPU.ActiveCfg = Debug|Any CPU
		{83AFF6E8-990C-453A-A55C-3A2A3DC37F48}.Debug|Any CPU.Build.0 = Debug|Any CPU
		{83AFF6E8-990C-453A-A55C-3A2A3DC37F48}.Release|Any CPU.ActiveCfg = Release|Any CPU
		{83AFF6E8-990C-453A-A55C-3A2A3DC37F48}.Release|Any CPU.Build.0 = Release|Any CPU
		{A2C6C9BE-3000-444A-A2D9-7DC7EF964F97}.Debug|Any CPU.ActiveCfg = Debug|Any CPU
		{A2C6C9BE-3000-444A-A2D9-7DC7EF964F97}.Debug|Any CPU.Build.0 = Debug|Any CPU
		{A2C6C9BE-3000-444A-A2D9-7DC7EF964F97}.Release|Any CPU.ActiveCfg = Release|Any CPU
		{A2C6C9BE-3000-444A-A2D9-7DC7EF964F97}.Release|Any CPU.Build.0 = Release|Any CPU
	EndGlobalSection
	GlobalSection(SolutionProperties) = preSolution
		HideSolutionNode = FALSE
	EndGlobalSection
	GlobalSection(ExtensibilityGlobals) = postSolution
		SolutionGuid = {88BC4A4A-19FB-45E9-BBCC-AEEE1CBBACFC}
	EndGlobalSection
EndGlobal
